
Microsoft Visual Studio Solution File, Format Version 12.00
# Visual Studio 14
VisualStudioVersion = 14.0.25420.1
MinimumVisualStudioVersion = 10.0.40219.1
Project("{FAE04EC0-301F-11D3-BF4B-00C04F79EFBC}") = "CAF.Message.Job", "CAF.Message.Job.csproj", "{E67EEB30-3643-4C72-8465-CE4B50EB7FEA}"
EndProject
Global
	GlobalSection(SolutionConfigurationPlatforms) = preSolution
		Debug|Any CPU = Debug|Any CPU
		Release|Any CPU = Release|Any CPU
	EndGlobalSection
	GlobalSection(ProjectConfigurationPlatforms) = postSolution
		{E67EEB30-3643-4C72-8465-CE4B50EB7FEA}.Debug|Any CPU.ActiveCfg = Debug|Any CPU
		{E67EEB30-3643-4C72-8465-CE4B50EB7FEA}.Debug|Any CPU.Build.0 = Debug|Any CPU
		{E67EEB30-3643-4C72-8465-CE4B50EB7FEA}.Release|Any CPU.ActiveCfg = Release|Any CPU
		{E67EEB30-3643-4C72-8465-CE4B50EB7FEA}.Release|Any CPU.Build.0 = Release|Any CPU
	EndGlobalSection
	GlobalSection(SolutionProperties) = preSolution
		HideSolutionNode = FALSE
	EndGlobalSection
EndGlobal
