
Microsoft Visual Studio Solution File, Format Version 12.00
# Visual Studio 14
VisualStudioVersion = 14.0.25420.1
MinimumVisualStudioVersion = 10.0.40219.1
Project("{FAE04EC0-301F-11D3-BF4B-00C04F79EFBC}") = "CAF.WebSite.PageSettings", "CAF.WebSite.PageSettings.csproj", "{1AC19F94-0D7A-41AF-9191-97B38D4CDDF7}"
EndProject
Global
	GlobalSection(SolutionConfigurationPlatforms) = preSolution
		Debug|Any CPU = Debug|Any CPU
		EFMigrations|Any CPU = EFMigrations|Any CPU
		PluginDev|Any CPU = PluginDev|Any CPU
		Release|Any CPU = Release|Any CPU
	EndGlobalSection
	GlobalSection(ProjectConfigurationPlatforms) = postSolution
		{1AC19F94-0D7A-41AF-9191-97B38D4CDDF7}.Debug|Any CPU.ActiveCfg = Debug|Any CPU
		{1AC19F94-0D7A-41AF-9191-97B38D4CDDF7}.Debug|Any CPU.Build.0 = Debug|Any CPU
		{1AC19F94-0D7A-41AF-9191-97B38D4CDDF7}.EFMigrations|Any CPU.ActiveCfg = EFMigrations|Any CPU
		{1AC19F94-0D7A-41AF-9191-97B38D4CDDF7}.EFMigrations|Any CPU.Build.0 = EFMigrations|Any CPU
		{1AC19F94-0D7A-41AF-9191-97B38D4CDDF7}.PluginDev|Any CPU.ActiveCfg = PluginDev|Any CPU
		{1AC19F94-0D7A-41AF-9191-97B38D4CDDF7}.PluginDev|Any CPU.Build.0 = PluginDev|Any CPU
		{1AC19F94-0D7A-41AF-9191-97B38D4CDDF7}.Release|Any CPU.ActiveCfg = Release|Any CPU
		{1AC19F94-0D7A-41AF-9191-97B38D4CDDF7}.Release|Any CPU.Build.0 = Release|Any CPU
	EndGlobalSection
	GlobalSection(SolutionProperties) = preSolution
		HideSolutionNode = FALSE
	EndGlobalSection
EndGlobal
